{
  "name": "@k4connect/browserslist-config",
  "version": "1.0.1",
  "lockfileVersion": 1,
  "requires": true,
  "dependencies": {
    "@k4connect/browserslist-config-desktop": {
      "version": "1.0.0",
      "resolved": "https://registry.npmjs.org/@k4connect/browserslist-config-desktop/-/browserslist-config-desktop-1.0.0.tgz",
      "integrity": "sha512-u57kz6nzYEeoW5/s6dK45dHhMvhrVySuuDfMbXhqAA5bocA/l6sAK0+D5Uoht7NTinokWqgD+uujUHyYWe8ypQ=="
    },
    "@k4connect/browserslist-config-mobile": {
      "version": "1.0.1",
      "resolved": "https://registry.npmjs.org/@k4connect/browserslist-config-mobile/-/browserslist-config-mobile-1.0.1.tgz",
      "integrity": "sha512-xsVdaVOFyWH6FB0ejAjyQkdwqo0Y08mT92p0QUxJ8KP5VPJ8WBlIxTmLjcBYMJzvhPO2yv7CLywl3dNpsZnkyg=="
    },
    "@k4connect/browserslist-config-node": {
      "version": "1.0.0",
      "resolved": "https://registry.npmjs.org/@k4connect/browserslist-config-node/-/browserslist-config-node-1.0.0.tgz",
      "integrity": "sha512-Y8RMYXZ7rNCG/z7m7hoWBXxQvf17a6938lcNVgsVZSeaNcrXjkwNuG0CHd/dqj0bdbOENZhVAVjvS9JS27MA1A=="
    }
  }
}
